
Microsoft Visual Studio Solution File, Format Version 12.00
# Visual Studio Version 17
VisualStudioVersion = 17.5.002.0
MinimumVisualStudioVersion = 10.0.40219.1
Project("{9A19103F-16F7-4668-BE54-9A1E7A4F7556}") = "FormFactory", "FormFactory.csproj", "{18801C60-8D86-44D7-83A7-6179E08BCF73}"
EndProject
Global
	GlobalSection(SolutionConfigurationPlatforms) = preSolution
		Debug|Any CPU = Debug|Any CPU
		Release|Any CPU = Release|Any CPU
	EndGlobalSection
	GlobalSection(ProjectConfigurationPlatforms) = postSolution
		{18801C60-8D86-44D7-83A7-6179E08BCF73}.Debug|Any CPU.ActiveCfg = Debug|Any CPU
		{18801C60-8D86-44D7-83A7-6179E08BCF73}.Debug|Any CPU.Build.0 = Debug|Any CPU
		{18801C60-8D86-44D7-83A7-6179E08BCF73}.Release|Any CPU.ActiveCfg = Release|Any CPU
		{18801C60-8D86-44D7-83A7-6179E08BCF73}.Release|Any CPU.Build.0 = Release|Any CPU
	EndGlobalSection
	GlobalSection(SolutionProperties) = preSolution
		HideSolutionNode = FALSE
	EndGlobalSection
	GlobalSection(ExtensibilityGlobals) = postSolution
		SolutionGuid = {460A0252-C7E5-4F1E-8D82-0F3BE28C6963}
	EndGlobalSection
EndGlobal
